// !$*UTF8*$!
{
	archiveVersion = 1;
	classes = {
	};
	objectVersion = 46;
	objects = {

/* Begin PBXBuildFile section */
		08F39E7518EE7D2F0011E758 /* icmp.c in Sources */ = {isa = PBXBuildFile; fileRef = 08BB309018EE660F009A9E3E /* icmp.c */; };
		08F39E7618EE7D2F0011E758 /* netutils.c in Sources */ = {isa = PBXBuildFile; fileRef = 08BB309118EE660F009A9E3E /* netutils.c */; };
		08F39E7818EE7D2F0011E758 /* ping.c in Sources */ = {isa = PBXBuildFile; fileRef = 08BB309318EE660F009A9E3E /* ping.c */; };
		08F39E7A18EE7D850011E758 /* libm.dylib in Frameworks */ = {isa = PBXBuildFile; fileRef = 08F39E7918EE7D850011E758 /* libm.dylib */; };
		08F39E7C18EE7D8D0011E758 /* libc.dylib in Frameworks */ = {isa = PBXBuildFile; fileRef = 08F39E7B18EE7D8D0011E758 /* libc.dylib */; };
		08F39ECE18EE916E0011E758 /* netutils.h in Headers */ = {isa = PBXBuildFile; fileRef = 08BB309218EE660F009A9E3E /* netutils.h */; settings = {ATTRIBUTES = (Public, ); }; };
		08F39ED118EE937F0011E758 /* netutils.h in CopyFiles */ = {isa = PBXBuildFile; fileRef = 08BB309218EE660F009A9E3E /* netutils.h */; };
/* End PBXBuildFile section */

/* Begin PBXCopyFilesBuildPhase section */
		08BB30A018EE6D43009A9E3E /* CopyFiles */ = {
			isa = PBXCopyFilesBuildPhase;
			buildActionMask = 2147483647;
			dstPath = "include/$(PRODUCT_NAME)";
			dstSubfolderSpec = 16;
			files = (
				08F39ED118EE937F0011E758 /* netutils.h in CopyFiles */,
			);
			runOnlyForDeploymentPostprocessing = 0;
		};
/* End PBXCopyFilesBuildPhase section */

/* Begin PBXFileReference section */
		08BB309018EE660F009A9E3E /* icmp.c */ = {isa = PBXFileReference; lastKnownFileType = sourcecode.c.c; name = icmp.c; path = ../src/icmp.c; sourceTree = "<group>"; };
		08BB309118EE660F009A9E3E /* netutils.c */ = {isa = PBXFileReference; lastKnownFileType = sourcecode.c.c; name = netutils.c; path = ../src/netutils.c; sourceTree = "<group>"; };
		08BB309218EE660F009A9E3E /* netutils.h */ = {isa = PBXFileReference; lastKnownFileType = sourcecode.c.h; name = netutils.h; path = ../src/netutils.h; sourceTree = "<group>"; };
		08BB309318EE660F009A9E3E /* ping.c */ = {isa = PBXFileReference; lastKnownFileType = sourcecode.c.c; name = ping.c; path = ../src/ping.c; sourceTree = "<group>"; };
		08BB30A218EE6D43009A9E3E /* libnetutils.a */ = {isa = PBXFileReference; explicitFileType = archive.ar; includeInIndex = 0; path = libnetutils.a; sourceTree = BUILT_PRODUCTS_DIR; };
		08F39E7918EE7D850011E758 /* libm.dylib */ = {isa = PBXFileReference; lastKnownFileType = "compiled.mach-o.dylib"; name = libm.dylib; path = usr/lib/libm.dylib; sourceTree = SDKROOT; };
		08F39E7B18EE7D8D0011E758 /* libc.dylib */ = {isa = PBXFileReference; lastKnownFileType = "compiled.mach-o.dylib"; name = libc.dylib; path = usr/lib/libc.dylib; sourceTree = SDKROOT; };
/* End PBXFileReference section */

/* Begin PBXFrameworksBuildPhase section */
		08BB309F18EE6D43009A9E3E /* Frameworks */ = {
			isa = PBXFrameworksBuildPhase;
			buildActionMask = 2147483647;
			files = (
				08F39E7C18EE7D8D0011E758 /* libc.dylib in Frameworks */,
				08F39E7A18EE7D850011E758 /* libm.dylib in Frameworks */,
			);
			runOnlyForDeploymentPostprocessing = 0;
		};
/* End PBXFrameworksBuildPhase section */

/* Begin PBXGroup section */
		08BB308918EE6528009A9E3E = {
			isa = PBXGroup;
			children = (
				08BB309018EE660F009A9E3E /* icmp.c */,
				08BB309118EE660F009A9E3E /* netutils.c */,
				08BB309218EE660F009A9E3E /* netutils.h */,
				08BB309318EE660F009A9E3E /* ping.c */,
				08BB30C818EE6D5C009A9E3E /* Targets */,
				08BB30A318EE6D43009A9E3E /* Frameworks */,
			);
			sourceTree = "<group>";
		};
		08BB30A318EE6D43009A9E3E /* Frameworks */ = {
			isa = PBXGroup;
			children = (
				08F39E7B18EE7D8D0011E758 /* libc.dylib */,
				08F39E7918EE7D850011E758 /* libm.dylib */,
			);
			name = Frameworks;
			sourceTree = "<group>";
		};
		08BB30C818EE6D5C009A9E3E /* Targets */ = {
			isa = PBXGroup;
			children = (
				08BB30A218EE6D43009A9E3E /* libnetutils.a */,
			);
			name = Targets;
			sourceTree = "<group>";
		};
/* End PBXGroup section */

/* Begin PBXHeadersBuildPhase section */
		08F39ECD18EE91610011E758 /* Headers */ = {
			isa = PBXHeadersBuildPhase;
			buildActionMask = 2147483647;
			files = (
				08F39ECE18EE916E0011E758 /* netutils.h in Headers */,
			);
			runOnlyForDeploymentPostprocessing = 0;
		};
/* End PBXHeadersBuildPhase section */

/* Begin PBXNativeTarget section */
		08BB30A118EE6D43009A9E3E /* netutils */ = {
			isa = PBXNativeTarget;
			buildConfigurationList = 08BB30C218EE6D43009A9E3E /* Build configuration list for PBXNativeTarget "netutils" */;
			buildPhases = (
				08BB309E18EE6D43009A9E3E /* Sources */,
				08BB309F18EE6D43009A9E3E /* Frameworks */,
				08BB30A018EE6D43009A9E3E /* CopyFiles */,
				08F39ECD18EE91610011E758 /* Headers */,
			);
			buildRules = (
			);
			dependencies = (
			);
			name = netutils;
			productName = netutils;
			productReference = 08BB30A218EE6D43009A9E3E /* libnetutils.a */;
			productType = "com.apple.product-type.library.static";
		};
/* End PBXNativeTarget section */

/* Begin PBXProject section */
		08BB308A18EE6528009A9E3E /* Project object */ = {
			isa = PBXProject;
			attributes = {
				LastUpgradeCheck = 0510;
			};
			buildConfigurationList = 08BB308D18EE6528009A9E3E /* Build configuration list for PBXProject "libnetutils-ios" */;
			compatibilityVersion = "Xcode 3.2";
			developmentRegion = English;
			hasScannedForEncodings = 0;
			knownRegions = (
				en,
			);
			mainGroup = 08BB308918EE6528009A9E3E;
			productRefGroup = 08BB308918EE6528009A9E3E;
			projectDirPath = "";
			projectRoot = "";
			targets = (
				08BB30A118EE6D43009A9E3E /* netutils */,
			);
		};
/* End PBXProject section */

/* Begin PBXSourcesBuildPhase section */
		08BB309E18EE6D43009A9E3E /* Sources */ = {
			isa = PBXSourcesBuildPhase;
			buildActionMask = 2147483647;
			files = (
				08F39E7518EE7D2F0011E758 /* icmp.c in Sources */,
				08F39E7618EE7D2F0011E758 /* netutils.c in Sources */,
				08F39E7818EE7D2F0011E758 /* ping.c in Sources */,
			);
			runOnlyForDeploymentPostprocessing = 0;
		};
/* End PBXSourcesBuildPhase section */

/* Begin XCBuildConfiguration section */
		08BB308E18EE6528009A9E3E /* Debug */ = {
			isa = XCBuildConfiguration;
			buildSettings = {
				CODE_SIGN_IDENTITY = "";
				IPHONEOS_DEPLOYMENT_TARGET = 7.1;
				SDKROOT = iphoneos;
				TARGETED_DEVICE_FAMILY = "1,2";
			};
			name = Debug;
		};
		08BB308F18EE6528009A9E3E /* Release */ = {
			isa = XCBuildConfiguration;
			buildSettings = {
				CODE_SIGN_IDENTITY = "";
				IPHONEOS_DEPLOYMENT_TARGET = 7.1;
				SDKROOT = iphoneos;
				TARGETED_DEVICE_FAMILY = "1,2";
			};
			name = Release;
		};
		08BB30C318EE6D43009A9E3E /* Debug */ = {
			isa = XCBuildConfiguration;
			buildSettings = {
				ALWAYS_SEARCH_USER_PATHS = NO;
				CLANG_CXX_LANGUAGE_STANDARD = "gnu++0x";
				CLANG_CXX_LIBRARY = "libc++";
				CLANG_ENABLE_MODULES = YES;
				CLANG_ENABLE_OBJC_ARC = YES;
				CLANG_WARN_BOOL_CONVERSION = YES;
				CLANG_WARN_CONSTANT_CONVERSION = YES;
				CLANG_WARN_DIRECT_OBJC_ISA_USAGE = YES_ERROR;
				CLANG_WARN_EMPTY_BODY = YES;
				CLANG_WARN_ENUM_CONVERSION = YES;
				CLANG_WARN_INT_CONVERSION = YES;
				CLANG_WARN_OBJC_ROOT_CLASS = YES_ERROR;
				CLANG_WARN__DUPLICATE_METHOD_MATCH = YES;
				CODE_SIGN_IDENTITY = "iPhone Developer: Joseph Marrero (EJ27V32M7J)";
				COPY_PHASE_STRIP = NO;
				DSTROOT = /tmp/netutils.dst;
				GCC_C_LANGUAGE_STANDARD = gnu99;
				GCC_DYNAMIC_NO_PIC = NO;
				GCC_OPTIMIZATION_LEVEL = 0;
				GCC_PRECOMPILE_PREFIX_HEADER = YES;
				GCC_PREPROCESSOR_DEFINITIONS = (
					"DEBUG=1",
					"$(inherited)",
				);
				GCC_SYMBOLS_PRIVATE_EXTERN = NO;
				GCC_WARN_64_TO_32_BIT_CONVERSION = YES;
				GCC_WARN_ABOUT_RETURN_TYPE = YES_ERROR;
				GCC_WARN_UNDECLARED_SELECTOR = YES;
				GCC_WARN_UNINITIALIZED_AUTOS = YES_AGGRESSIVE;
				GCC_WARN_UNUSED_FUNCTION = YES;
				GCC_WARN_UNUSED_VARIABLE = YES;
				MACH_O_TYPE = staticlib;
				ONLY_ACTIVE_ARCH = YES;
				OTHER_LDFLAGS = "-ObjC";
				PRODUCT_NAME = "$(TARGET_NAME)";
				SKIP_INSTALL = YES;
				TARGETED_DEVICE_FAMILY = "1,2";
			};
			name = Debug;
		};
		08BB30C418EE6D43009A9E3E /* Release */ = {
			isa = XCBuildConfiguration;
			buildSettings = {
				ALWAYS_SEARCH_USER_PATHS = NO;
				CLANG_CXX_LANGUAGE_STANDARD = "gnu++0x";
				CLANG_CXX_LIBRARY = "libc++";
				CLANG_ENABLE_MODULES = YES;
				CLANG_ENABLE_OBJC_ARC = YES;
				CLANG_WARN_BOOL_CONVERSION = YES;
				CLANG_WARN_CONSTANT_CONVERSION = YES;
				CLANG_WARN_DIRECT_OBJC_ISA_USAGE = YES_ERROR;
				CLANG_WARN_EMPTY_BODY = YES;
				CLANG_WARN_ENUM_CONVERSION = YES;
				CLANG_WARN_INT_CONVERSION = YES;
				CLANG_WARN_OBJC_ROOT_CLASS = YES_ERROR;
				CLANG_WARN__DUPLICATE_METHOD_MATCH = YES;
				CODE_SIGN_IDENTITY = "iPhone Developer: Joseph Marrero (EJ27V32M7J)";
				COPY_PHASE_STRIP = YES;
				DSTROOT = /tmp/netutils.dst;
				ENABLE_NS_ASSERTIONS = NO;
				GCC_C_LANGUAGE_STANDARD = gnu99;
				GCC_PRECOMPILE_PREFIX_HEADER = YES;
				GCC_WARN_64_TO_32_BIT_CONVERSION = YES;
				GCC_WARN_ABOUT_RETURN_TYPE = YES_ERROR;
				GCC_WARN_UNDECLARED_SELECTOR = YES;
				GCC_WARN_UNINITIALIZED_AUTOS = YES_AGGRESSIVE;
				GCC_WARN_UNUSED_FUNCTION = YES;
				GCC_WARN_UNUSED_VARIABLE = YES;
				MACH_O_TYPE = staticlib;
				ONLY_ACTIVE_ARCH = YES;
				OTHER_LDFLAGS = "-ObjC";
				PRODUCT_NAME = "$(TARGET_NAME)";
				SKIP_INSTALL = YES;
				TARGETED_DEVICE_FAMILY = "1,2";
				VALIDATE_PRODUCT = YES;
			};
			name = Release;
		};
/* End XCBuildConfiguration section */

/* Begin XCConfigurationList section */
		08BB308D18EE6528009A9E3E /* Build configuration list for PBXProject "libnetutils-ios" */ = {
			isa = XCConfigurationList;
			buildConfigurations = (
				08BB308E18EE6528009A9E3E /* Debug */,
				08BB308F18EE6528009A9E3E /* Release */,
			);
			defaultConfigurationIsVisible = 0;
			defaultConfigurationName = Release;
		};
		08BB30C218EE6D43009A9E3E /* Build configuration list for PBXNativeTarget "netutils" */ = {
			isa = XCConfigurationList;
			buildConfigurations = (
				08BB30C318EE6D43009A9E3E /* Debug */,
				08BB30C418EE6D43009A9E3E /* Release */,
			);
			defaultConfigurationIsVisible = 0;
			defaultConfigurationName = Release;
		};
/* End XCConfigurationList section */
	};
	rootObject = 08BB308A18EE6528009A9E3E /* Project object */;
}
